
Microsoft Visual Studio Solution File, Format Version 12.00
# Visual Studio 15
VisualStudioVersion = 15.0.27428.2027
MinimumVisualStudioVersion = 10.0.40219.1
Project("{FAE04EC0-301F-11D3-BF4B-00C04F79EFBC}") = "ROS.Web", "ROS.Web\ROS.Web.csproj", "{947BB21B-0CCB-4973-8AD7-C7FCFB11491F}"
EndProject
Global
	GlobalSection(SolutionConfigurationPlatforms) = preSolution
		Debug|Any CPU = Debug|Any CPU
		Release|Any CPU = Release|Any CPU
	EndGlobalSection
	GlobalSection(ProjectConfigurationPlatforms) = postSolution
		{947BB21B-0CCB-4973-8AD7-C7FCFB11491F}.Debug|Any CPU.ActiveCfg = Debug|Any CPU
		{947BB21B-0CCB-4973-8AD7-C7FCFB11491F}.Debug|Any CPU.Build.0 = Debug|Any CPU
		{947BB21B-0CCB-4973-8AD7-C7FCFB11491F}.Release|Any CPU.ActiveCfg = Release|Any CPU
		{947BB21B-0CCB-4973-8AD7-C7FCFB11491F}.Release|Any CPU.Build.0 = Release|Any CPU
	EndGlobalSection
	GlobalSection(SolutionProperties) = preSolution
		HideSolutionNode = FALSE
	EndGlobalSection
	GlobalSection(ExtensibilityGlobals) = postSolution
		SolutionGuid = {2DB791CB-2B19-4B57-95FA-CF1C8415064D}
	EndGlobalSection
EndGlobal
